
Microsoft Visual Studio Solution File, Format Version 12.00
# Visual Studio Version 17
VisualStudioVersion = 17.9.34607.119
MinimumVisualStudioVersion = 10.0.40219.1
Project("{FAE04EC0-301F-11D3-BF4B-00C04F79EFBC}") = "OutlookReRunner", "OutlookReRunner\OutlookReRunner.csproj", "{94AEFC57-3D8E-4DEE-9809-F033FF9BB211}"
EndProject
Global
	GlobalSection(SolutionConfigurationPlatforms) = preSolution
		Debug|Any CPU = Debug|Any CPU
		Release|Any CPU = Release|Any CPU
	EndGlobalSection
	GlobalSection(ProjectConfigurationPlatforms) = postSolution
		{94AEFC57-3D8E-4DEE-9809-F033FF9BB211}.Debug|Any CPU.ActiveCfg = Debug|Any CPU
		{94AEFC57-3D8E-4DEE-9809-F033FF9BB211}.Debug|Any CPU.Build.0 = Debug|Any CPU
		{94AEFC57-3D8E-4DEE-9809-F033FF9BB211}.Release|Any CPU.ActiveCfg = Release|Any CPU
		{94AEFC57-3D8E-4DEE-9809-F033FF9BB211}.Release|Any CPU.Build.0 = Release|Any CPU
	EndGlobalSection
	GlobalSection(SolutionProperties) = preSolution
		HideSolutionNode = FALSE
	EndGlobalSection
	GlobalSection(ExtensibilityGlobals) = postSolution
		SolutionGuid = {9D700BE7-E4C7-49B9-8A5A-22C6F308A418}
	EndGlobalSection
EndGlobal
